lockfileVersion: '6.0'

settings:
  autoInstallPeers: true
  excludeLinksFromLockfile: false

dependencies:
  '@playwright/test':
    specifier: 1.47.1
    version: 1.47.1
  dotenv:
    specifier: 10.0.0
    version: 10.0.0

packages:

  /@playwright/test@1.47.1:
    resolution: {integrity: sha512-dbWpcNQZ5nj16m+A5UNScYx7HX5trIy7g4phrcitn+Nk83S32EBX/CLU4hiF4RGKX/yRc93AAqtfaXB7JWBd4Q==}
    engines: {node: '>=18'}
    hasBin: true
    dependencies:
      playwright: 1.47.1
    dev: false

  /dotenv@10.0.0:
    resolution: {integrity: sha512-rlBi9d8jpv9Sf1klPjNfFAuWDjKLwTIJJ/VxtoTwIR6hnZxcEOQCZg2oIL3MWBYw5GpUDKOEnND7LXTbIpQ03Q==}
    engines: {node: '>=10'}
    dev: false

  /fsevents@2.3.2:
    resolution: {integrity: sha512-xiqMQR4xAeHTuB9uWm+fFRcIOgKBMiOBP+eXiyT7jsgVCq1bkVygt00oASowB7EdtpOHaaPgKt812P9ab+DDKA==}
    engines: {node: ^8.16.0 || ^10.6.0 || >=11.0.0}
    os: [darwin]
    requiresBuild: true
    dev: false
    optional: true

  /playwright-core@1.47.1:
    resolution: {integrity: sha512-i1iyJdLftqtt51mEk6AhYFaAJCDx0xQ/O5NU8EKaWFgMjItPVma542Nh/Aq8aLCjIJSzjaiEQGW/nyqLkGF1OQ==}
    engines: {node: '>=18'}
    hasBin: true
    dev: false

  /playwright@1.47.1:
    resolution: {integrity: sha512-SUEKi6947IqYbKxRiqnbUobVZY4bF1uu+ZnZNJX9DfU1tlf2UhWfvVjLf01pQx9URsOr18bFVUKXmanYWhbfkw==}
    engines: {node: '>=18'}
    hasBin: true
    dependencies:
      playwright-core: 1.47.1
    optionalDependencies:
      fsevents: 2.3.2
    dev: false
